
Microsoft Visual Studio Solution File, Format Version 12.00
# Visual Studio Version 16
VisualStudioVersion = 16.0.29324.140
MinimumVisualStudioVersion = 10.0.40219.1
Project("{9A19103F-16F7-4668-BE54-9A1E7A4F7556}") = "AIP-Graph-Function-For-Admins", "AIP-Graph-Function-For-Admins\AIP-Graph-Function-For-Admins.csproj", "{41163569-93B4-4A3E-9072-887874D30E16}"
EndProject
Global
	GlobalSection(SolutionConfigurationPlatforms) = preSolution
		Debug|Any CPU = Debug|Any CPU
		Release|Any CPU = Release|Any CPU
	EndGlobalSection
	GlobalSection(ProjectConfigurationPlatforms) = postSolution
		{41163569-93B4-4A3E-9072-887874D30E16}.Debug|Any CPU.ActiveCfg = Debug|Any CPU
		{41163569-93B4-4A3E-9072-887874D30E16}.Debug|Any CPU.Build.0 = Debug|Any CPU
		{41163569-93B4-4A3E-9072-887874D30E16}.Release|Any CPU.ActiveCfg = Release|Any CPU
		{41163569-93B4-4A3E-9072-887874D30E16}.Release|Any CPU.Build.0 = Release|Any CPU
	EndGlobalSection
	GlobalSection(SolutionProperties) = preSolution
		HideSolutionNode = FALSE
	EndGlobalSection
	GlobalSection(ExtensibilityGlobals) = postSolution
		SolutionGuid = {BA751C64-257F-409B-8F54-04CCB6CB1F21}
	EndGlobalSection
EndGlobal
